
Microsoft Visual Studio Solution File, Format Version 12.00
# Visual Studio Version 17
VisualStudioVersion = 17.3.32929.385
MinimumVisualStudioVersion = 10.0.40219.1
Project("{FAE04EC0-301F-11D3-BF4B-00C04F79EFBC}") = "listview", "listview\listview.csproj", "{DA8F6AA1-5BE9-4C0E-B6B3-8E62BC1B0A03}"
EndProject
Project("{FAE04EC0-301F-11D3-BF4B-00C04F79EFBC}") = "DTO", "DTO\DTO.csproj", "{A1AA2E4B-8A27-4637-ACEC-7CAC84A411D4}"
EndProject
Project("{FAE04EC0-301F-11D3-BF4B-00C04F79EFBC}") = "BLL", "BLL\BLL.csproj", "{36D38E9F-FCCA-4072-941C-E9143868D540}"
EndProject
Project("{FAE04EC0-301F-11D3-BF4B-00C04F79EFBC}") = "DALL", "DALL\DALL.csproj", "{F59E8DAC-917A-4E8B-BDB2-CF8FD76C9EFE}"
EndProject
Global
	GlobalSection(SolutionConfigurationPlatforms) = preSolution
		Debug|Any CPU = Debug|Any CPU
		Release|Any CPU = Release|Any CPU
	EndGlobalSection
	GlobalSection(ProjectConfigurationPlatforms) = postSolution
		{DA8F6AA1-5BE9-4C0E-B6B3-8E62BC1B0A03}.Debug|Any CPU.ActiveCfg = Debug|Any CPU
		{DA8F6AA1-5BE9-4C0E-B6B3-8E62BC1B0A03}.Debug|Any CPU.Build.0 = Debug|Any CPU
		{DA8F6AA1-5BE9-4C0E-B6B3-8E62BC1B0A03}.Release|Any CPU.ActiveCfg = Release|Any CPU
		{DA8F6AA1-5BE9-4C0E-B6B3-8E62BC1B0A03}.Release|Any CPU.Build.0 = Release|Any CPU
		{A1AA2E4B-8A27-4637-ACEC-7CAC84A411D4}.Debug|Any CPU.ActiveCfg = Debug|Any CPU
		{A1AA2E4B-8A27-4637-ACEC-7CAC84A411D4}.Debug|Any CPU.Build.0 = Debug|Any CPU
		{A1AA2E4B-8A27-4637-ACEC-7CAC84A411D4}.Release|Any CPU.ActiveCfg = Release|Any CPU
		{A1AA2E4B-8A27-4637-ACEC-7CAC84A411D4}.Release|Any CPU.Build.0 = Release|Any CPU
		{36D38E9F-FCCA-4072-941C-E9143868D540}.Debug|Any CPU.ActiveCfg = Debug|Any CPU
		{36D38E9F-FCCA-4072-941C-E9143868D540}.Debug|Any CPU.Build.0 = Debug|Any CPU
		{36D38E9F-FCCA-4072-941C-E9143868D540}.Release|Any CPU.ActiveCfg = Release|Any CPU
		{36D38E9F-FCCA-4072-941C-E9143868D540}.Release|Any CPU.Build.0 = Release|Any CPU
		{F59E8DAC-917A-4E8B-BDB2-CF8FD76C9EFE}.Debug|Any CPU.ActiveCfg = Debug|Any CPU
		{F59E8DAC-917A-4E8B-BDB2-CF8FD76C9EFE}.Debug|Any CPU.Build.0 = Debug|Any CPU
		{F59E8DAC-917A-4E8B-BDB2-CF8FD76C9EFE}.Release|Any CPU.ActiveCfg = Release|Any CPU
		{F59E8DAC-917A-4E8B-BDB2-CF8FD76C9EFE}.Release|Any CPU.Build.0 = Release|Any CPU
	EndGlobalSection
	GlobalSection(SolutionProperties) = preSolution
		HideSolutionNode = FALSE
	EndGlobalSection
	GlobalSection(ExtensibilityGlobals) = postSolution
		SolutionGuid = {2213E29F-3918-4FBA-82DB-E0F28643CDDF}
	EndGlobalSection
EndGlobal
